
Microsoft Visual Studio Solution File, Format Version 11.00
# Visual Studio 2010
Project("{FAE04EC0-301F-11D3-BF4B-00C04F79EFBC}") = "FEF", "FEF\FEF.csproj", "{5A055689-2ADB-4238-998B-ED173E85B319}"
EndProject
Project("{FAE04EC0-301F-11D3-BF4B-00C04F79EFBC}") = "FunctionalComposition", "FunctionalComposition\FunctionalComposition.csproj", "{422C95A7-99F9-47F3-8322-806178BE3C05}"
EndProject
Project("{FAE04EC0-301F-11D3-BF4B-00C04F79EFBC}") = "FunctionalComposition.Test", "FunctionalComposition.Test\FunctionalComposition.Test.csproj", "{92CB6001-2045-4EB8-B380-D3A8C20A079E}"
EndProject
Project("{2150E333-8FDC-42A3-9474-1A3956D46DE8}") = "Solution Items", "Solution Items", "{A8FE9D1B-8B5F-4965-A1DE-A0318A7FE06D}"
	ProjectSection(SolutionItems) = preProject
		FEF.vsmdi = FEF.vsmdi
		Local.testsettings = Local.testsettings
		TraceAndTestImpact.testsettings = TraceAndTestImpact.testsettings
	EndProjectSection
EndProject
Global
	GlobalSection(TestCaseManagementSettings) = postSolution
		CategoryFile = FEF.vsmdi
	EndGlobalSection
	GlobalSection(SolutionConfigurationPlatforms) = preSolution
		Debug|Any CPU = Debug|Any CPU
		Debug|Mixed Platforms = Debug|Mixed Platforms
		Debug|x86 = Debug|x86
		Release|Any CPU = Release|Any CPU
		Release|Mixed Platforms = Release|Mixed Platforms
		Release|x86 = Release|x86
	EndGlobalSection
	GlobalSection(ProjectConfigurationPlatforms) = postSolution
		{5A055689-2ADB-4238-998B-ED173E85B319}.Debug|Any CPU.ActiveCfg = Debug|x86
		{5A055689-2ADB-4238-998B-ED173E85B319}.Debug|Mixed Platforms.ActiveCfg = Debug|x86
		{5A055689-2ADB-4238-998B-ED173E85B319}.Debug|Mixed Platforms.Build.0 = Debug|x86
		{5A055689-2ADB-4238-998B-ED173E85B319}.Debug|x86.ActiveCfg = Debug|x86
		{5A055689-2ADB-4238-998B-ED173E85B319}.Debug|x86.Build.0 = Debug|x86
		{5A055689-2ADB-4238-998B-ED173E85B319}.Release|Any CPU.ActiveCfg = Release|x86
		{5A055689-2ADB-4238-998B-ED173E85B319}.Release|Mixed Platforms.ActiveCfg = Release|x86
		{5A055689-2ADB-4238-998B-ED173E85B319}.Release|Mixed Platforms.Build.0 = Release|x86
		{5A055689-2ADB-4238-998B-ED173E85B319}.Release|x86.ActiveCfg = Release|x86
		{5A055689-2ADB-4238-998B-ED173E85B319}.Release|x86.Build.0 = Release|x86
		{422C95A7-99F9-47F3-8322-806178BE3C05}.Debug|Any CPU.ActiveCfg = Debug|x86
		{422C95A7-99F9-47F3-8322-806178BE3C05}.Debug|Mixed Platforms.ActiveCfg = Debug|x86
		{422C95A7-99F9-47F3-8322-806178BE3C05}.Debug|Mixed Platforms.Build.0 = Debug|x86
		{422C95A7-99F9-47F3-8322-806178BE3C05}.Debug|x86.ActiveCfg = Debug|x86
		{422C95A7-99F9-47F3-8322-806178BE3C05}.Debug|x86.Build.0 = Debug|x86
		{422C95A7-99F9-47F3-8322-806178BE3C05}.Release|Any CPU.ActiveCfg = Release|x86
		{422C95A7-99F9-47F3-8322-806178BE3C05}.Release|Mixed Platforms.ActiveCfg = Release|x86
		{422C95A7-99F9-47F3-8322-806178BE3C05}.Release|Mixed Platforms.Build.0 = Release|x86
		{422C95A7-99F9-47F3-8322-806178BE3C05}.Release|x86.ActiveCfg = Release|x86
		{422C95A7-99F9-47F3-8322-806178BE3C05}.Release|x86.Build.0 = Release|x86
		{92CB6001-2045-4EB8-B380-D3A8C20A079E}.Debug|Any CPU.ActiveCfg = Debug|Any CPU
		{92CB6001-2045-4EB8-B380-D3A8C20A079E}.Debug|Any CPU.Build.0 = Debug|Any CPU
		{92CB6001-2045-4EB8-B380-D3A8C20A079E}.Debug|Mixed Platforms.ActiveCfg = Debug|Any CPU
		{92CB6001-2045-4EB8-B380-D3A8C20A079E}.Debug|Mixed Platforms.Build.0 = Debug|Any CPU
		{92CB6001-2045-4EB8-B380-D3A8C20A079E}.Debug|x86.ActiveCfg = Debug|Any CPU
		{92CB6001-2045-4EB8-B380-D3A8C20A079E}.Release|Any CPU.ActiveCfg = Release|Any CPU
		{92CB6001-2045-4EB8-B380-D3A8C20A079E}.Release|Any CPU.Build.0 = Release|Any CPU
		{92CB6001-2045-4EB8-B380-D3A8C20A079E}.Release|Mixed Platforms.ActiveCfg = Release|Any CPU
		{92CB6001-2045-4EB8-B380-D3A8C20A079E}.Release|Mixed Platforms.Build.0 = Release|Any CPU
		{92CB6001-2045-4EB8-B380-D3A8C20A079E}.Release|x86.ActiveCfg = Release|Any CPU
	EndGlobalSection
	GlobalSection(SolutionProperties) = preSolution
		HideSolutionNode = FALSE
	EndGlobalSection
EndGlobal
